// !$*UTF8*$!
{
	archiveVersion = 1;
	classes = {
	};
	objectVersion = 56;
	objects = {

/* Begin PBXBuildFile section */
		5AD0E8E829D6C09B009A0685 /* LokerMacetApp.swift in Sources */ = {isa = PBXBuildFile; fileRef = 5AD0E8E729D6C09B009A0685 /* LokerMacetApp.swift */; };
		5AD0E8EA29D6C09B009A0685 /* ContentView.swift in Sources */ = {isa = PBXBuildFile; fileRef = 5AD0E8E929D6C09B009A0685 /* ContentView.swift */; };
		5AD0E8EC29D6C09C009A0685 /* Assets.xcassets in Resources */ = {isa = PBXBuildFile; fileRef = 5AD0E8EB29D6C09C009A0685 /* Assets.xcassets */; };
		5AD0E8EF29D6C09C009A0685 /* Preview Assets.xcassets in Resources */ = {isa = PBXBuildFile; fileRef = 5AD0E8EE29D6C09C009A0685 /* Preview Assets.xcassets */; };
		5AD0E8F929D6C09C009A0685 /* LokerMacetTests.swift in Sources */ = {isa = PBXBuildFile; fileRef = 5AD0E8F829D6C09C009A0685 /* LokerMacetTests.swift */; };
		5AD0E90329D6C09C009A0685 /* LokerMacetUITests.swift in Sources */ = {isa = PBXBuildFile; fileRef = 5AD0E90229D6C09C009A0685 /* LokerMacetUITests.swift */; };
		5AD0E90529D6C09C009A0685 /* LokerMacetUITestsLaunchTests.swift in Sources */ = {isa = PBXBuildFile; fileRef = 5AD0E90429D6C09C009A0685 /* LokerMacetUITestsLaunchTests.swift */; };
/* End PBXBuildFile section */

/* Begin PBXContainerItemProxy section */
		5AD0E8F529D6C09C009A0685 /* PBXContainerItemProxy */ = {
			isa = PBXContainerItemProxy;
			containerPortal = 5AD0E8DC29D6C09B009A0685 /* Project object */;
			proxyType = 1;
			remoteGlobalIDString = 5AD0E8E329D6C09B009A0685;
			remoteInfo = LokerMacet;
		};
		5AD0E8FF29D6C09C009A0685 /* PBXContainerItemProxy */ = {
			isa = PBXContainerItemProxy;
			containerPortal = 5AD0E8DC29D6C09B009A0685 /* Project object */;
			proxyType = 1;
			remoteGlobalIDString = 5AD0E8E329D6C09B009A0685;
			remoteInfo = LokerMacet;
		};
/* End PBXContainerItemProxy section */

/* Begin PBXFileReference section */
		5AD0E8E429D6C09B009A0685 /* LokerMacet.app */ = {isa = PBXFileReference; explicitFileType = wrapper.application; includeInIndex = 0; path = LokerMacet.app; sourceTree = BUILT_PRODUCTS_DIR; };
		5AD0E8E729D6C09B009A0685 /* LokerMacetApp.swift */ = {isa = PBXFileReference; lastKnownFileType = sourcecode.swift; path = LokerMacetApp.swift; sourceTree = "<group>"; };
		5AD0E8E929D6C09B009A0685 /* ContentView.swift */ = {isa = PBXFileReference; lastKnownFileType = sourcecode.swift; path = ContentView.swift; sourceTree = "<group>"; };
		5AD0E8EB29D6C09C009A0685 /* Assets.xcassets */ = {isa = PBXFileReference; lastKnownFileType = folder.assetcatalog; path = Assets.xcassets; sourceTree = "<group>"; };
		5AD0E8EE29D6C09C009A0685 /* Preview Assets.xcassets */ = {isa = PBXFileReference; lastKnownFileType = folder.assetcatalog; path = "Preview Assets.xcassets"; sourceTree = "<group>"; };
		5AD0E8F429D6C09C009A0685 /* LokerMacetTests.xctest */ = {isa = PBXFileReference; explicitFileType = wrapper.cfbundle; includeInIndex = 0; path = LokerMacetTests.xctest; sourceTree = BUILT_PRODUCTS_DIR; };
		5AD0E8F829D6C09C009A0685 /* LokerMacetTests.swift */ = {isa = PBXFileReference; lastKnownFileType = sourcecode.swift; path = LokerMacetTests.swift; sourceTree = "<group>"; };
		5AD0E8FE29D6C09C009A0685 /* LokerMacetUITests.xctest */ = {isa = PBXFileReference; explicitFileType = wrapper.cfbundle; includeInIndex = 0; path = LokerMacetUITests.xctest; sourceTree = BUILT_PRODUCTS_DIR; };
		5AD0E90229D6C09C009A0685 /* LokerMacetUITests.swift */ = {isa = PBXFileReference; lastKnownFileType = sourcecode.swift; path = LokerMacetUITests.swift; sourceTree = "<group>"; };
		5AD0E90429D6C09C009A0685 /* LokerMacetUITestsLaunchTests.swift */ = {isa = PBXFileReference; lastKnownFileType = sourcecode.swift; path = LokerMacetUITestsLaunchTests.swift; sourceTree = "<group>"; };
/* End PBXFileReference section */

/* Begin PBXFrameworksBuildPhase section */
		5AD0E8E129D6C09B009A0685 /* Frameworks */ = {
			isa = PBXFrameworksBuildPhase;
			buildActionMask = 2147483647;
			files = (
			);
			runOnlyForDeploymentPostprocessing = 0;
		};
		5AD0E8F129D6C09C009A0685 /* Frameworks */ = {
			isa = PBXFrameworksBuildPhase;
			buildActionMask = 2147483647;
			files = (
			);
			runOnlyForDeploymentPostprocessing = 0;
		};
		5AD0E8FB29D6C09C009A0685 /* Frameworks */ = {
			isa = PBXFrameworksBuildPhase;
			buildActionMask = 2147483647;
			files = (
			);
			runOnlyForDeploymentPostprocessing = 0;
		};
/* End PBXFrameworksBuildPhase section */

/* Begin PBXGroup section */
		5AD0E8DB29D6C09B009A0685 = {
			isa = PBXGroup;
			children = (
				5AD0E8E629D6C09B009A0685 /* LokerMacet */,
				5AD0E8F729D6C09C009A0685 /* LokerMacetTests */,
				5AD0E90129D6C09C009A0685 /* LokerMacetUITests */,
				5AD0E8E529D6C09B009A0685 /* Products */,
			);
			sourceTree = "<group>";
		};
		5AD0E8E529D6C09B009A0685 /* Products */ = {
			isa = PBXGroup;
			children = (
				5AD0E8E429D6C09B009A0685 /* LokerMacet.app */,
				5AD0E8F429D6C09C009A0685 /* LokerMacetTests.xctest */,
				5AD0E8FE29D6C09C009A0685 /* LokerMacetUITests.xctest */,
			);
			name = Products;
			sourceTree = "<group>";
		};
		5AD0E8E629D6C09B009A0685 /* LokerMacet */ = {
			isa = PBXGroup;
			children = (
				5AD0E8E729D6C09B009A0685 /* LokerMacetApp.swift */,
				5AD0E8E929D6C09B009A0685 /* ContentView.swift */,
				5AD0E8EB29D6C09C009A0685 /* Assets.xcassets */,
				5AD0E8ED29D6C09C009A0685 /* Preview Content */,
			);
			path = LokerMacet;
			sourceTree = "<group>";
		};
		5AD0E8ED29D6C09C009A0685 /* Preview Content */ = {
			isa = PBXGroup;
			children = (
				5AD0E8EE29D6C09C009A0685 /* Preview Assets.xcassets */,
			);
			path = "Preview Content";
			sourceTree = "<group>";
		};
		5AD0E8F729D6C09C009A0685 /* LokerMacetTests */ = {
			isa = PBXGroup;
			children = (
				5AD0E8F829D6C09C009A0685 /* LokerMacetTests.swift */,
			);
			path = LokerMacetTests;
			sourceTree = "<group>";
		};
		5AD0E90129D6C09C009A0685 /* LokerMacetUITests */ = {
			isa = PBXGroup;
			children = (
				5AD0E90229D6C09C009A0685 /* LokerMacetUITests.swift */,
				5AD0E90429D6C09C009A0685 /* LokerMacetUITestsLaunchTests.swift */,
			);
			path = LokerMacetUITests;
			sourceTree = "<group>";
		};
/* End PBXGroup section */

/* Begin PBXNativeTarget section */
		5AD0E8E329D6C09B009A0685 /* LokerMacet */ = {
			isa = PBXNativeTarget;
			buildConfigurationList = 5AD0E90829D6C09C009A0685 /* Build configuration list for PBXNativeTarget "LokerMacet" */;
			buildPhases = (
				5AD0E8E029D6C09B009A0685 /* Sources */,
				5AD0E8E129D6C09B009A0685 /* Frameworks */,
				5AD0E8E229D6C09B009A0685 /* Resources */,
			);
			buildRules = (
			);
			dependencies = (
			);
			name = LokerMacet;
			productName = LokerMacet;
			productReference = 5AD0E8E429D6C09B009A0685 /* LokerMacet.app */;
			productType = "com.apple.product-type.application";
		};
		5AD0E8F329D6C09C009A0685 /* LokerMacetTests */ = {
			isa = PBXNativeTarget;
			buildConfigurationList = 5AD0E90B29D6C09C009A0685 /* Build configuration list for PBXNativeTarget "LokerMacetTests" */;
			buildPhases = (
				5AD0E8F029D6C09C009A0685 /* Sources */,
				5AD0E8F129D6C09C009A0685 /* Frameworks */,
				5AD0E8F229D6C09C009A0685 /* Resources */,
			);
			buildRules = (
			);
			dependencies = (
				5AD0E8F629D6C09C009A0685 /* PBXTargetDependency */,
			);
			name = LokerMacetTests;
			productName = LokerMacetTests;
			productReference = 5AD0E8F429D6C09C009A0685 /* LokerMacetTests.xctest */;
			productType = "com.apple.product-type.bundle.unit-test";
		};
		5AD0E8FD29D6C09C009A0685 /* LokerMacetUITests */ = {
			isa = PBXNativeTarget;
			buildConfigurationList = 5AD0E90E29D6C09C009A0685 /* Build configuration list for PBXNativeTarget "LokerMacetUITests" */;
			buildPhases = (
				5AD0E8FA29D6C09C009A0685 /* Sources */,
				5AD0E8FB29D6C09C009A0685 /* Frameworks */,
				5AD0E8FC29D6C09C009A0685 /* Resources */,
			);
			buildRules = (
			);
			dependencies = (
				5AD0E90029D6C09C009A0685 /* PBXTargetDependency */,
			);
			name = LokerMacetUITests;
			productName = LokerMacetUITests;
			productReference = 5AD0E8FE29D6C09C009A0685 /* LokerMacetUITests.xctest */;
			productType = "com.apple.product-type.bundle.ui-testing";
		};
/* End PBXNativeTarget section */

/* Begin PBXProject section */
		5AD0E8DC29D6C09B009A0685 /* Project object */ = {
			isa = PBXProject;
			attributes = {
				BuildIndependentTargetsInParallel = 1;
				LastSwiftUpdateCheck = 1420;
				LastUpgradeCheck = 1420;
				TargetAttributes = {
					5AD0E8E329D6C09B009A0685 = {
						CreatedOnToolsVersion = 14.2;
					};
					5AD0E8F329D6C09C009A0685 = {
						CreatedOnToolsVersion = 14.2;
						TestTargetID = 5AD0E8E329D6C09B009A0685;
					};
					5AD0E8FD29D6C09C009A0685 = {
						CreatedOnToolsVersion = 14.2;
						TestTargetID = 5AD0E8E329D6C09B009A0685;
					};
				};
			};
			buildConfigurationList = 5AD0E8DF29D6C09B009A0685 /* Build configuration list for PBXProject "LokerMacet" */;
			compatibilityVersion = "Xcode 14.0";
			developmentRegion = en;
			hasScannedForEncodings = 0;
			knownRegions = (
				en,
				Base,
			);
			mainGroup = 5AD0E8DB29D6C09B009A0685;
			productRefGroup = 5AD0E8E529D6C09B009A0685 /* Products */;
			projectDirPath = "";
			projectRoot = "";
			targets = (
				5AD0E8E329D6C09B009A0685 /* LokerMacet */,
				5AD0E8F329D6C09C009A0685 /* LokerMacetTests */,
				5AD0E8FD29D6C09C009A0685 /* LokerMacetUITests */,
			);
		};
/* End PBXProject section */

/* Begin PBXResourcesBuildPhase section */
		5AD0E8E229D6C09B009A0685 /* Resources */ = {
			isa = PBXResourcesBuildPhase;
			buildActionMask = 2147483647;
			files = (
				5AD0E8EF29D6C09C009A0685 /* Preview Assets.xcassets in Resources */,
				5AD0E8EC29D6C09C009A0685 /* Assets.xcassets in Resources */,
			);
			runOnlyForDeploymentPostprocessing = 0;
		};
		5AD0E8F229D6C09C009A0685 /* Resources */ = {
			isa = PBXResourcesBuildPhase;
			buildActionMask = 2147483647;
			files = (
			);
			runOnlyForDeploymentPostprocessing = 0;
		};
		5AD0E8FC29D6C09C009A0685 /* Resources */ = {
			isa = PBXResourcesBuildPhase;
			buildActionMask = 2147483647;
			files = (
			);
			runOnlyForDeploymentPostprocessing = 0;
		};
/* End PBXResourcesBuildPhase section */

/* Begin PBXSourcesBuildPhase section */
		5AD0E8E029D6C09B009A0685 /* Sources */ = {
			isa = PBXSourcesBuildPhase;
			buildActionMask = 2147483647;
			files = (
				5AD0E8EA29D6C09B009A0685 /* ContentView.swift in Sources */,
				5AD0E8E829D6C09B009A0685 /* LokerMacetApp.swift in Sources */,
			);
			runOnlyForDeploymentPostprocessing = 0;
		};
		5AD0E8F029D6C09C009A0685 /* Sources */ = {
			isa = PBXSourcesBuildPhase;
			buildActionMask = 2147483647;
			files = (
				5AD0E8F929D6C09C009A0685 /* LokerMacetTests.swift in Sources */,
			);
			runOnlyForDeploymentPostprocessing = 0;
		};
		5AD0E8FA29D6C09C009A0685 /* Sources */ = {
			isa = PBXSourcesBuildPhase;
			buildActionMask = 2147483647;
			files = (
				5AD0E90329D6C09C009A0685 /* LokerMacetUITests.swift in Sources */,
				5AD0E90529D6C09C009A0685 /* LokerMacetUITestsLaunchTests.swift in Sources */,
			);
			runOnlyForDeploymentPostprocessing = 0;
		};
/* End PBXSourcesBuildPhase section */

/* Begin PBXTargetDependency section */
		5AD0E8F629D6C09C009A0685 /* PBXTargetDependency */ = {
			isa = PBXTargetDependency;
			target = 5AD0E8E329D6C09B009A0685 /* LokerMacet */;
			targetProxy = 5AD0E8F529D6C09C009A0685 /* PBXContainerItemProxy */;
		};
		5AD0E90029D6C09C009A0685 /* PBXTargetDependency */ = {
			isa = PBXTargetDependency;
			target = 5AD0E8E329D6C09B009A0685 /* LokerMacet */;
			targetProxy = 5AD0E8FF29D6C09C009A0685 /* PBXContainerItemProxy */;
		};
/* End PBXTargetDependency section */

/* Begin XCBuildConfiguration section */
		5AD0E90629D6C09C009A0685 /* Debug */ = {
			isa = XCBuildConfiguration;
			buildSettings = {
				ALWAYS_SEARCH_USER_PATHS = NO;
				CLANG_ANALYZER_NONNULL = YES;
				CLANG_ANALYZER_NUMBER_OBJECT_CONVERSION = YES_AGGRESSIVE;
				CLANG_CXX_LANGUAGE_STANDARD = "gnu++20";
				CLANG_ENABLE_MODULES = YES;
				CLANG_ENABLE_OBJC_ARC = YES;
				CLANG_ENABLE_OBJC_WEAK = YES;
				CLANG_WARN_BLOCK_CAPTURE_AUTORELEASING = YES;
				CLANG_WARN_BOOL_CONVERSION = YES;
				CLANG_WARN_COMMA = YES;
				CLANG_WARN_CONSTANT_CONVERSION = YES;
				CLANG_WARN_DEPRECATED_OBJC_IMPLEMENTATIONS = YES;
				CLANG_WARN_DIRECT_OBJC_ISA_USAGE = YES_ERROR;
				CLANG_WARN_DOCUMENTATION_COMMENTS = YES;
				CLANG_WARN_EMPTY_BODY = YES;
				CLANG_WARN_ENUM_CONVERSION = YES;
				CLANG_WARN_INFINITE_RECURSION = YES;
				CLANG_WARN_INT_CONVERSION = YES;
				CLANG_WARN_NON_LITERAL_NULL_CONVERSION = YES;
				CLANG_WARN_OBJC_IMPLICIT_RETAIN_SELF = YES;
				CLANG_WARN_OBJC_LITERAL_CONVERSION = YES;
				CLANG_WARN_OBJC_ROOT_CLASS = YES_ERROR;
				CLANG_WARN_QUOTED_INCLUDE_IN_FRAMEWORK_HEADER = YES;
				CLANG_WARN_RANGE_LOOP_ANALYSIS = YES;
				CLANG_WARN_STRICT_PROTOTYPES = YES;
				CLANG_WARN_SUSPICIOUS_MOVE = YES;
				CLANG_WARN_UNGUARDED_AVAILABILITY = YES_AGGRESSIVE;
				CLANG_WARN_UNREACHABLE_CODE = YES;
				CLANG_WARN__DUPLICATE_METHOD_MATCH = YES;
				COPY_PHASE_STRIP = NO;
				DEBUG_INFORMATION_FORMAT = dwarf;
				ENABLE_STRICT_OBJC_MSGSEND = YES;
				ENABLE_TESTABILITY = YES;
				GCC_C_LANGUAGE_STANDARD = gnu11;
				GCC_DYNAMIC_NO_PIC = NO;
				GCC_NO_COMMON_BLOCKS = YES;
				GCC_OPTIMIZATION_LEVEL = 0;
				GCC_PREPROCESSOR_DEFINITIONS = (
					"DEBUG=1",
					"$(inherited)",
				);
				GCC_WARN_64_TO_32_BIT_CONVERSION = YES;
				GCC_WARN_ABOUT_RETURN_TYPE = YES_ERROR;
				GCC_WARN_UNDECLARED_SELECTOR = YES;
				GCC_WARN_UNINITIALIZED_AUTOS = YES_AGGRESSIVE;
				GCC_WARN_UNUSED_FUNCTION = YES;
				GCC_WARN_UNUSED_VARIABLE = YES;
				IPHONEOS_DEPLOYMENT_TARGET = 16.2;
				MTL_ENABLE_DEBUG_INFO = INCLUDE_SOURCE;
				MTL_FAST_MATH = YES;
				ONLY_ACTIVE_ARCH = YES;
				SDKROOT = iphoneos;
				SWIFT_ACTIVE_COMPILATION_CONDITIONS = DEBUG;
				SWIFT_OPTIMIZATION_LEVEL = "-Onone";
			};
			name = Debug;
		};
		5AD0E90729D6C09C009A0685 /* Release */ = {
			isa = XCBuildConfiguration;
			buildSettings = {
				ALWAYS_SEARCH_USER_PATHS = NO;
				CLANG_ANALYZER_NONNULL = YES;
				CLANG_ANALYZER_NUMBER_OBJECT_CONVERSION = YES_AGGRESSIVE;
				CLANG_CXX_LANGUAGE_STANDARD = "gnu++20";
				CLANG_ENABLE_MODULES = YES;
				CLANG_ENABLE_OBJC_ARC = YES;
				CLANG_ENABLE_OBJC_WEAK = YES;
				CLANG_WARN_BLOCK_CAPTURE_AUTORELEASING = YES;
				CLANG_WARN_BOOL_CONVERSION = YES;
				CLANG_WARN_COMMA = YES;
				CLANG_WARN_CONSTANT_CONVERSION = YES;
				CLANG_WARN_DEPRECATED_OBJC_IMPLEMENTATIONS = YES;
				CLANG_WARN_DIRECT_OBJC_ISA_USAGE = YES_ERROR;
				CLANG_WARN_DOCUMENTATION_COMMENTS = YES;
				CLANG_WARN_EMPTY_BODY = YES;
				CLANG_WARN_ENUM_CONVERSION = YES;
				CLANG_WARN_INFINITE_RECURSION = YES;
				CLANG_WARN_INT_CONVERSION = YES;
				CLANG_WARN_NON_LITERAL_NULL_CONVERSION = YES;
				CLANG_WARN_OBJC_IMPLICIT_RETAIN_SELF = YES;
				CLANG_WARN_OBJC_LITERAL_CONVERSION = YES;
				CLANG_WARN_OBJC_ROOT_CLASS = YES_ERROR;
				CLANG_WARN_QUOTED_INCLUDE_IN_FRAMEWORK_HEADER = YES;
				CLANG_WARN_RANGE_LOOP_ANALYSIS = YES;
				CLANG_WARN_STRICT_PROTOTYPES = YES;
				CLANG_WARN_SUSPICIOUS_MOVE = YES;
				CLANG_WARN_UNGUARDED_AVAILABILITY = YES_AGGRESSIVE;
				CLANG_WARN_UNREACHABLE_CODE = YES;
				CLANG_WARN__DUPLICATE_METHOD_MATCH = YES;
				COPY_PHASE_STRIP = NO;
				DEBUG_INFORMATION_FORMAT = "dwarf-with-dsym";
				ENABLE_NS_ASSERTIONS = NO;
				ENABLE_STRICT_OBJC_MSGSEND = YES;
				GCC_C_LANGUAGE_STANDARD = gnu11;
				GCC_NO_COMMON_BLOCKS = YES;
				GCC_WARN_64_TO_32_BIT_CONVERSION = YES;
				GCC_WARN_ABOUT_RETURN_TYPE = YES_ERROR;
				GCC_WARN_UNDECLARED_SELECTOR = YES;
				GCC_WARN_UNINITIALIZED_AUTOS = YES_AGGRESSIVE;
				GCC_WARN_UNUSED_FUNCTION = YES;
				GCC_WARN_UNUSED_VARIABLE = YES;
				IPHONEOS_DEPLOYMENT_TARGET = 16.2;
				MTL_ENABLE_DEBUG_INFO = NO;
				MTL_FAST_MATH = YES;
				SDKROOT = iphoneos;
				SWIFT_COMPILATION_MODE = wholemodule;
				SWIFT_OPTIMIZATION_LEVEL = "-O";
				VALIDATE_PRODUCT = YES;
			};
			name = Release;
		};
		5AD0E90929D6C09C009A0685 /* Debug */ = {
			isa = XCBuildConfiguration;
			buildSettings = {
				ASSETCATALOG_COMPILER_APPICON_NAME = AppIcon;
				ASSETCATALOG_COMPILER_GLOBAL_ACCENT_COLOR_NAME = AccentColor;
				CODE_SIGN_STYLE = Automatic;
				CURRENT_PROJECT_VERSION = 1;
				DEVELOPMENT_ASSET_PATHS = "\"LokerMacet/Preview Content\"";
				ENABLE_PREVIEWS = YES;
				GENERATE_INFOPLIST_FILE = YES;
				INFOPLIST_KEY_UIApplicationSceneManifest_Generation = YES;
				INFOPLIST_KEY_UIApplicationSupportsIndirectInputEvents = YES;
				INFOPLIST_KEY_UILaunchScreen_Generation = YES;
				INFOPLIST_KEY_UISupportedInterfaceOrientations_iPad = "UIInterfaceOrientationPortrait UIInterfaceOrientationPortraitUpsideDown UIInterfaceOrientationLandscapeLeft UIInterfaceOrientationLandscapeRight";
				INFOPLIST_KEY_UISupportedInterfaceOrientations_iPhone = "UIInterfaceOrientationPortrait UIInterfaceOrientationLandscapeLeft UIInterfaceOrientationLandscapeRight";
				LD_RUNPATH_SEARCH_PATHS = (
					"$(inherited)",
					"@executable_path/Frameworks",
				);
				MARKETING_VERSION = 1.0;
				PRODUCT_BUNDLE_IDENTIFIER = "com.example.apple-samplecode.LokerMacet";
				PRODUCT_NAME = "$(TARGET_NAME)";
				SWIFT_EMIT_LOC_STRINGS = YES;
				SWIFT_VERSION = 5.0;
				TARGETED_DEVICE_FAMILY = "1,2";
			};
			name = Debug;
		};
		5AD0E90A29D6C09C009A0685 /* Release */ = {
			isa = XCBuildConfiguration;
			buildSettings = {
				ASSETCATALOG_COMPILER_APPICON_NAME = AppIcon;
				ASSETCATALOG_COMPILER_GLOBAL_ACCENT_COLOR_NAME = AccentColor;
				CODE_SIGN_STYLE = Automatic;
				CURRENT_PROJECT_VERSION = 1;
				DEVELOPMENT_ASSET_PATHS = "\"LokerMacet/Preview Content\"";
				ENABLE_PREVIEWS = YES;
				GENERATE_INFOPLIST_FILE = YES;
				INFOPLIST_KEY_UIApplicationSceneManifest_Generation = YES;
				INFOPLIST_KEY_UIApplicationSupportsIndirectInputEvents = YES;
				INFOPLIST_KEY_UILaunchScreen_Generation = YES;
				INFOPLIST_KEY_UISupportedInterfaceOrientations_iPad = "UIInterfaceOrientationPortrait UIInterfaceOrientationPortraitUpsideDown UIInterfaceOrientationLandscapeLeft UIInterfaceOrientationLandscapeRight";
				INFOPLIST_KEY_UISupportedInterfaceOrientations_iPhone = "UIInterfaceOrientationPortrait UIInterfaceOrientationLandscapeLeft UIInterfaceOrientationLandscapeRight";
				LD_RUNPATH_SEARCH_PATHS = (
					"$(inherited)",
					"@executable_path/Frameworks",
				);
				MARKETING_VERSION = 1.0;
				PRODUCT_BUNDLE_IDENTIFIER = "com.example.apple-samplecode.LokerMacet";
				PRODUCT_NAME = "$(TARGET_NAME)";
				SWIFT_EMIT_LOC_STRINGS = YES;
				SWIFT_VERSION = 5.0;
				TARGETED_DEVICE_FAMILY = "1,2";
			};
			name = Release;
		};
		5AD0E90C29D6C09C009A0685 /* Debug */ = {
			isa = XCBuildConfiguration;
			buildSettings = {
				ALWAYS_EMBED_SWIFT_STANDARD_LIBRARIES = YES;
				BUNDLE_LOADER = "$(TEST_HOST)";
				CODE_SIGN_STYLE = Automatic;
				CURRENT_PROJECT_VERSION = 1;
				GENERATE_INFOPLIST_FILE = YES;
				IPHONEOS_DEPLOYMENT_TARGET = 16.2;
				MARKETING_VERSION = 1.0;
				PRODUCT_BUNDLE_IDENTIFIER = "com.example.apple-samplecode.LokerMacetTests";
				PRODUCT_NAME = "$(TARGET_NAME)";
				SWIFT_EMIT_LOC_STRINGS = NO;
				SWIFT_VERSION = 5.0;
				TARGETED_DEVICE_FAMILY = "1,2";
				TEST_HOST = "$(BUILT_PRODUCTS_DIR)/LokerMacet.app/$(BUNDLE_EXECUTABLE_FOLDER_PATH)/LokerMacet";
			};
			name = Debug;
		};
		5AD0E90D29D6C09C009A0685 /* Release */ = {
			isa = XCBuildConfiguration;
			buildSettings = {
				ALWAYS_EMBED_SWIFT_STANDARD_LIBRARIES = YES;
				BUNDLE_LOADER = "$(TEST_HOST)";
				CODE_SIGN_STYLE = Automatic;
				CURRENT_PROJECT_VERSION = 1;
				GENERATE_INFOPLIST_FILE = YES;
				IPHONEOS_DEPLOYMENT_TARGET = 16.2;
				MARKETING_VERSION = 1.0;
				PRODUCT_BUNDLE_IDENTIFIER = "com.example.apple-samplecode.LokerMacetTests";
				PRODUCT_NAME = "$(TARGET_NAME)";
				SWIFT_EMIT_LOC_STRINGS = NO;
				SWIFT_VERSION = 5.0;
				TARGETED_DEVICE_FAMILY = "1,2";
				TEST_HOST = "$(BUILT_PRODUCTS_DIR)/LokerMacet.app/$(BUNDLE_EXECUTABLE_FOLDER_PATH)/LokerMacet";
			};
			name = Release;
		};
		5AD0E90F29D6C09C009A0685 /* Debug */ = {
			isa = XCBuildConfiguration;
			buildSettings = {
				ALWAYS_EMBED_SWIFT_STANDARD_LIBRARIES = YES;
				CODE_SIGN_STYLE = Automatic;
				CURRENT_PROJECT_VERSION = 1;
				GENERATE_INFOPLIST_FILE = YES;
				MARKETING_VERSION = 1.0;
				PRODUCT_BUNDLE_IDENTIFIER = "com.example.apple-samplecode.LokerMacetUITests";
				PRODUCT_NAME = "$(TARGET_NAME)";
				SWIFT_EMIT_LOC_STRINGS = NO;
				SWIFT_VERSION = 5.0;
				TARGETED_DEVICE_FAMILY = "1,2";
				TEST_TARGET_NAME = LokerMacet;
			};
			name = Debug;
		};
		5AD0E91029D6C09C009A0685 /* Release */ = {
			isa = XCBuildConfiguration;
			buildSettings = {
				ALWAYS_EMBED_SWIFT_STANDARD_LIBRARIES = YES;
				CODE_SIGN_STYLE = Automatic;
				CURRENT_PROJECT_VERSION = 1;
				GENERATE_INFOPLIST_FILE = YES;
				MARKETING_VERSION = 1.0;
				PRODUCT_BUNDLE_IDENTIFIER = "com.example.apple-samplecode.LokerMacetUITests";
				PRODUCT_NAME = "$(TARGET_NAME)";
				SWIFT_EMIT_LOC_STRINGS = NO;
				SWIFT_VERSION = 5.0;
				TARGETED_DEVICE_FAMILY = "1,2";
				TEST_TARGET_NAME = LokerMacet;
			};
			name = Release;
		};
/* End XCBuildConfiguration section */

/* Begin XCConfigurationList section */
		5AD0E8DF29D6C09B009A0685 /* Build configuration list for PBXProject "LokerMacet" */ = {
			isa = XCConfigurationList;
			buildConfigurations = (
				5AD0E90629D6C09C009A0685 /* Debug */,
				5AD0E90729D6C09C009A0685 /* Release */,
			);
			defaultConfigurationIsVisible = 0;
			defaultConfigurationName = Release;
		};
		5AD0E90829D6C09C009A0685 /* Build configuration list for PBXNativeTarget "LokerMacet" */ = {
			isa = XCConfigurationList;
			buildConfigurations = (
				5AD0E90929D6C09C009A0685 /* Debug */,
				5AD0E90A29D6C09C009A0685 /* Release */,
			);
			defaultConfigurationIsVisible = 0;
			defaultConfigurationName = Release;
		};
		5AD0E90B29D6C09C009A0685 /* Build configuration list for PBXNativeTarget "LokerMacetTests" */ = {
			isa = XCConfigurationList;
			buildConfigurations = (
				5AD0E90C29D6C09C009A0685 /* Debug */,
				5AD0E90D29D6C09C009A0685 /* Release */,
			);
			defaultConfigurationIsVisible = 0;
			defaultConfigurationName = Release;
		};
		5AD0E90E29D6C09C009A0685 /* Build configuration list for PBXNativeTarget "LokerMacetUITests" */ = {
			isa = XCConfigurationList;
			buildConfigurations = (
				5AD0E90F29D6C09C009A0685 /* Debug */,
				5AD0E91029D6C09C009A0685 /* Release */,
			);
			defaultConfigurationIsVisible = 0;
			defaultConfigurationName = Release;
		};
/* End XCConfigurationList section */
	};
	rootObject = 5AD0E8DC29D6C09B009A0685 /* Project object */;
}
